
Microsoft Visual Studio Solution File, Format Version 12.00
# Visual Studio 2013
VisualStudioVersion = 12.0.21005.1
MinimumVisualStudioVersion = 10.0.40219.1
Project("{8BC9CEB8-8B4A-11D0-8D11-00A0C91BC942}") = "test 12-3", "test 12-3\test 12-3.vcxproj", "{93E91709-52EF-458B-913D-E337ECDA61D3}"
EndProject
Global
	GlobalSection(SolutionConfigurationPlatforms) = preSolution
		Debug|Win32 = Debug|Win32
		Release|Win32 = Release|Win32
	EndGlobalSection
	GlobalSection(ProjectConfigurationPlatforms) = postSolution
		{93E91709-52EF-458B-913D-E337ECDA61D3}.Debug|Win32.ActiveCfg = Debug|Win32
		{93E91709-52EF-458B-913D-E337ECDA61D3}.Debug|Win32.Build.0 = Debug|Win32
		{93E91709-52EF-458B-913D-E337ECDA61D3}.Release|Win32.ActiveCfg = Release|Win32
		{93E91709-52EF-458B-913D-E337ECDA61D3}.Release|Win32.Build.0 = Release|Win32
	EndGlobalSection
	GlobalSection(SolutionProperties) = preSolution
		HideSolutionNode = FALSE
	EndGlobalSection
EndGlobal
