
Microsoft Visual Studio Solution File, Format Version 12.00
# Visual Studio 2013
VisualStudioVersion = 12.0.21005.1
MinimumVisualStudioVersion = 10.0.40219.1
Project("{8BC9CEB8-8B4A-11D0-8D11-00A0C91BC942}") = "tesr 5_10", "tesr 5_10\tesr 5_10.vcxproj", "{F600456F-57BB-45D7-A974-D0A667580003}"
EndProject
Global
	GlobalSection(SolutionConfigurationPlatforms) = preSolution
		Debug|Win32 = Debug|Win32
		Release|Win32 = Release|Win32
	EndGlobalSection
	GlobalSection(ProjectConfigurationPlatforms) = postSolution
		{F600456F-57BB-45D7-A974-D0A667580003}.Debug|Win32.ActiveCfg = Debug|Win32
		{F600456F-57BB-45D7-A974-D0A667580003}.Debug|Win32.Build.0 = Debug|Win32
		{F600456F-57BB-45D7-A974-D0A667580003}.Release|Win32.ActiveCfg = Release|Win32
		{F600456F-57BB-45D7-A974-D0A667580003}.Release|Win32.Build.0 = Release|Win32
	EndGlobalSection
	GlobalSection(SolutionProperties) = preSolution
		HideSolutionNode = FALSE
	EndGlobalSection
EndGlobal
