
Microsoft Visual Studio Solution File, Format Version 12.00
# Visual Studio 2013
VisualStudioVersion = 12.0.21005.1
MinimumVisualStudioVersion = 10.0.40219.1
Project("{8BC9CEB8-8B4A-11D0-8D11-00A0C91BC942}") = "22-11-9", "22-11-9\22-11-9.vcxproj", "{399E46C8-78AC-407F-B5D9-8998F9D80B5C}"
EndProject
Global
	GlobalSection(SolutionConfigurationPlatforms) = preSolution
		Debug|Win32 = Debug|Win32
		Release|Win32 = Release|Win32
	EndGlobalSection
	GlobalSection(ProjectConfigurationPlatforms) = postSolution
		{399E46C8-78AC-407F-B5D9-8998F9D80B5C}.Debug|Win32.ActiveCfg = Debug|Win32
		{399E46C8-78AC-407F-B5D9-8998F9D80B5C}.Debug|Win32.Build.0 = Debug|Win32
		{399E46C8-78AC-407F-B5D9-8998F9D80B5C}.Release|Win32.ActiveCfg = Release|Win32
		{399E46C8-78AC-407F-B5D9-8998F9D80B5C}.Release|Win32.Build.0 = Release|Win32
	EndGlobalSection
	GlobalSection(SolutionProperties) = preSolution
		HideSolutionNode = FALSE
	EndGlobalSection
EndGlobal
