
Microsoft Visual Studio Solution File, Format Version 12.00
# Visual Studio 2013
VisualStudioVersion = 12.0.21005.1
MinimumVisualStudioVersion = 10.0.40219.1
Project("{8BC9CEB8-8B4A-11D0-8D11-00A0C91BC942}") = "23-3-30", "23-3-30\23-3-30.vcxproj", "{0A8D6FF4-F5EE-48E4-BD10-E6B1F9263B92}"
EndProject
Global
	GlobalSection(SolutionConfigurationPlatforms) = preSolution
		Debug|Win32 = Debug|Win32
		Release|Win32 = Release|Win32
	EndGlobalSection
	GlobalSection(ProjectConfigurationPlatforms) = postSolution
		{0A8D6FF4-F5EE-48E4-BD10-E6B1F9263B92}.Debug|Win32.ActiveCfg = Debug|Win32
		{0A8D6FF4-F5EE-48E4-BD10-E6B1F9263B92}.Debug|Win32.Build.0 = Debug|Win32
		{0A8D6FF4-F5EE-48E4-BD10-E6B1F9263B92}.Release|Win32.ActiveCfg = Release|Win32
		{0A8D6FF4-F5EE-48E4-BD10-E6B1F9263B92}.Release|Win32.Build.0 = Release|Win32
	EndGlobalSection
	GlobalSection(SolutionProperties) = preSolution
		HideSolutionNode = FALSE
	EndGlobalSection
EndGlobal
