
Microsoft Visual Studio Solution File, Format Version 12.00
# Visual Studio 2013
VisualStudioVersion = 12.0.21005.1
MinimumVisualStudioVersion = 10.0.40219.1
Project("{8BC9CEB8-8B4A-11D0-8D11-00A0C91BC942}") = "22-10-13", "22-10-13\22-10-13.vcxproj", "{AAE3D006-13BA-49F3-882A-2F30717D05F8}"
EndProject
Global
	GlobalSection(SolutionConfigurationPlatforms) = preSolution
		Debug|Win32 = Debug|Win32
		Release|Win32 = Release|Win32
	EndGlobalSection
	GlobalSection(ProjectConfigurationPlatforms) = postSolution
		{AAE3D006-13BA-49F3-882A-2F30717D05F8}.Debug|Win32.ActiveCfg = Debug|Win32
		{AAE3D006-13BA-49F3-882A-2F30717D05F8}.Debug|Win32.Build.0 = Debug|Win32
		{AAE3D006-13BA-49F3-882A-2F30717D05F8}.Release|Win32.ActiveCfg = Release|Win32
		{AAE3D006-13BA-49F3-882A-2F30717D05F8}.Release|Win32.Build.0 = Release|Win32
	EndGlobalSection
	GlobalSection(SolutionProperties) = preSolution
		HideSolutionNode = FALSE
	EndGlobalSection
EndGlobal
