
Microsoft Visual Studio Solution File, Format Version 12.00
# Visual Studio 2013
VisualStudioVersion = 12.0.21005.1
MinimumVisualStudioVersion = 10.0.40219.1
Project("{8BC9CEB8-8B4A-11D0-8D11-00A0C91BC942}") = "test 9-20", "test 9-20\test 9-20.vcxproj", "{45B962F2-882F-438B-AF34-25350A7A7709}"
EndProject
Global
	GlobalSection(SolutionConfigurationPlatforms) = preSolution
		Debug|Win32 = Debug|Win32
		Release|Win32 = Release|Win32
	EndGlobalSection
	GlobalSection(ProjectConfigurationPlatforms) = postSolution
		{45B962F2-882F-438B-AF34-25350A7A7709}.Debug|Win32.ActiveCfg = Debug|Win32
		{45B962F2-882F-438B-AF34-25350A7A7709}.Debug|Win32.Build.0 = Debug|Win32
		{45B962F2-882F-438B-AF34-25350A7A7709}.Release|Win32.ActiveCfg = Release|Win32
		{45B962F2-882F-438B-AF34-25350A7A7709}.Release|Win32.Build.0 = Release|Win32
	EndGlobalSection
	GlobalSection(SolutionProperties) = preSolution
		HideSolutionNode = FALSE
	EndGlobalSection
EndGlobal
