
Microsoft Visual Studio Solution File, Format Version 12.00
# Visual Studio 2013
VisualStudioVersion = 12.0.21005.1
MinimumVisualStudioVersion = 10.0.40219.1
Project("{8BC9CEB8-8B4A-11D0-8D11-00A0C91BC942}") = "C++ 8-11", "C++ 8-11\C++ 8-11.vcxproj", "{8F037628-1A81-41C8-A00B-2C63BE6AEE7B}"
EndProject
Global
	GlobalSection(SolutionConfigurationPlatforms) = preSolution
		Debug|Win32 = Debug|Win32
		Release|Win32 = Release|Win32
	EndGlobalSection
	GlobalSection(ProjectConfigurationPlatforms) = postSolution
		{8F037628-1A81-41C8-A00B-2C63BE6AEE7B}.Debug|Win32.ActiveCfg = Debug|Win32
		{8F037628-1A81-41C8-A00B-2C63BE6AEE7B}.Debug|Win32.Build.0 = Debug|Win32
		{8F037628-1A81-41C8-A00B-2C63BE6AEE7B}.Release|Win32.ActiveCfg = Release|Win32
		{8F037628-1A81-41C8-A00B-2C63BE6AEE7B}.Release|Win32.Build.0 = Release|Win32
	EndGlobalSection
	GlobalSection(SolutionProperties) = preSolution
		HideSolutionNode = FALSE
	EndGlobalSection
EndGlobal
