
Microsoft Visual Studio Solution File, Format Version 12.00
# Visual Studio 2013
VisualStudioVersion = 12.0.21005.1
MinimumVisualStudioVersion = 10.0.40219.1
Project("{8BC9CEB8-8B4A-11D0-8D11-00A0C91BC942}") = "test 12-8", "test 12-8\test 12-8.vcxproj", "{2E00CF9A-CBB2-4A92-853C-9817F7158293}"
EndProject
Global
	GlobalSection(SolutionConfigurationPlatforms) = preSolution
		Debug|Win32 = Debug|Win32
		Release|Win32 = Release|Win32
	EndGlobalSection
	GlobalSection(ProjectConfigurationPlatforms) = postSolution
		{2E00CF9A-CBB2-4A92-853C-9817F7158293}.Debug|Win32.ActiveCfg = Debug|Win32
		{2E00CF9A-CBB2-4A92-853C-9817F7158293}.Debug|Win32.Build.0 = Debug|Win32
		{2E00CF9A-CBB2-4A92-853C-9817F7158293}.Release|Win32.ActiveCfg = Release|Win32
		{2E00CF9A-CBB2-4A92-853C-9817F7158293}.Release|Win32.Build.0 = Release|Win32
	EndGlobalSection
	GlobalSection(SolutionProperties) = preSolution
		HideSolutionNode = FALSE
	EndGlobalSection
EndGlobal
